// !$*UTF8*$!
{
	archiveVersion = 1;
	classes = {
	};
	objectVersion = 46;
	objects = {

/* Begin PBXBuildFile section */
		8A0A3F4E19A3A259003ACFBF /* dsicList.plist in Resources */ = {isa = PBXBuildFile; fileRef = 8A0A3F4D19A3A259003ACFBF /* dsicList.plist */; };
		8ABB390D19742EDC0056B3D8 /* AppDelegate.swift in Sources */ = {isa = PBXBuildFile; fileRef = 8ABB390C19742EDC0056B3D8 /* AppDelegate.swift */; };
		8ABB391019742EDC0056B3D8 /* disc.xcdatamodeld in Sources */ = {isa = PBXBuildFile; fileRef = 8ABB390E19742EDC0056B3D8 /* disc.xcdatamodeld */; };
		8ABB391219742EDC0056B3D8 /* Images.xcassets in Resources */ = {isa = PBXBuildFile; fileRef = 8ABB391119742EDC0056B3D8 /* Images.xcassets */; };
		8ABB391E19742EDC0056B3D8 /* discTests.swift in Sources */ = {isa = PBXBuildFile; fileRef = 8ABB391D19742EDC0056B3D8 /* discTests.swift */; };
		8ABB393419742F830056B3D8 /* background-gradient.png in Resources */ = {isa = PBXBuildFile; fileRef = 8ABB392819742F830056B3D8 /* background-gradient.png */; };
		8ABB393519742F830056B3D8 /* background-gradient@2x.png in Resources */ = {isa = PBXBuildFile; fileRef = 8ABB392919742F830056B3D8 /* background-gradient@2x.png */; };
		8ABB393619742F830056B3D8 /* background-1739@2x.png in Resources */ = {isa = PBXBuildFile; fileRef = 8ABB392A19742F830056B3D8 /* background-1739@2x.png */; };
		8ABB393719742F830056B3D8 /* background-1740@2x.png in Resources */ = {isa = PBXBuildFile; fileRef = 8ABB392B19742F830056B3D8 /* background-1740@2x.png */; };
		8ABB393819742F830056B3D8 /* background-1741@2x.png in Resources */ = {isa = PBXBuildFile; fileRef = 8ABB392C19742F830056B3D8 /* background-1741@2x.png */; };
		8ABB393919742F830056B3D8 /* button-background.png in Resources */ = {isa = PBXBuildFile; fileRef = 8ABB392D19742F830056B3D8 /* button-background.png */; };
		8ABB393A19742F830056B3D8 /* button-background@2x.png in Resources */ = {isa = PBXBuildFile; fileRef = 8ABB392E19742F830056B3D8 /* button-background@2x.png */; };
		8ABB393B19742F830056B3D8 /* disc-result-background.png in Resources */ = {isa = PBXBuildFile; fileRef = 8ABB392F19742F830056B3D8 /* disc-result-background.png */; };
		8ABB393C19742F830056B3D8 /* discbg.png in Resources */ = {isa = PBXBuildFile; fileRef = 8ABB393019742F830056B3D8 /* discbg.png */; };
		8ABB393D19742F830056B3D8 /* Defalult@2x.png in Resources */ = {isa = PBXBuildFile; fileRef = 8ABB393119742F830056B3D8 /* Defalult@2x.png */; };
		8ABB393E19742F830056B3D8 /* discbutton.png in Resources */ = {isa = PBXBuildFile; fileRef = 8ABB393219742F830056B3D8 /* discbutton.png */; };
		8ABB393F19742F830056B3D8 /* Default.png in Resources */ = {isa = PBXBuildFile; fileRef = 8ABB393319742F830056B3D8 /* Default.png */; };
		8ABB39441974323D0056B3D8 /* WelcomeViewController.swift in Sources */ = {isa = PBXBuildFile; fileRef = 8ABB39421974323D0056B3D8 /* WelcomeViewController.swift */; };
		8ABB39451974323D0056B3D8 /* WelcomeViewController.xib in Resources */ = {isa = PBXBuildFile; fileRef = 8ABB39431974323D0056B3D8 /* WelcomeViewController.xib */; };
		8ABB39481976D10E0056B3D8 /* MainViewController.swift in Sources */ = {isa = PBXBuildFile; fileRef = 8ABB39461976D10E0056B3D8 /* MainViewController.swift */; };
		8ABB39491976D10E0056B3D8 /* MainViewController.xib in Resources */ = {isa = PBXBuildFile; fileRef = 8ABB39471976D10E0056B3D8 /* MainViewController.xib */; };
/* End PBXBuildFile section */

/* Begin PBXContainerItemProxy section */
		8ABB391819742EDC0056B3D8 /* PBXContainerItemProxy */ = {
			isa = PBXContainerItemProxy;
			containerPortal = 8ABB38FF19742EDC0056B3D8 /* Project object */;
			proxyType = 1;
			remoteGlobalIDString = 8ABB390619742EDC0056B3D8;
			remoteInfo = disc;
		};
/* End PBXContainerItemProxy section */

/* Begin PBXFileReference section */
		8A0A3F4D19A3A259003ACFBF /* dsicList.plist */ = {isa = PBXFileReference; fileEncoding = 4; lastKnownFileType = text.plist.xml; path = dsicList.plist; sourceTree = "<group>"; };
		8ABB390719742EDC0056B3D8 /* disc.app */ = {isa = PBXFileReference; explicitFileType = wrapper.application; includeInIndex = 0; path = disc.app; sourceTree = BUILT_PRODUCTS_DIR; };
		8ABB390B19742EDC0056B3D8 /* Info.plist */ = {isa = PBXFileReference; lastKnownFileType = text.plist.xml; path = Info.plist; sourceTree = "<group>"; };
		8ABB390C19742EDC0056B3D8 /* AppDelegate.swift */ = {isa = PBXFileReference; lastKnownFileType = sourcecode.swift; path = AppDelegate.swift; sourceTree = "<group>"; };
		8ABB390F19742EDC0056B3D8 /* disc.xcdatamodel */ = {isa = PBXFileReference; lastKnownFileType = wrapper.xcdatamodel; path = disc.xcdatamodel; sourceTree = "<group>"; };
		8ABB391119742EDC0056B3D8 /* Images.xcassets */ = {isa = PBXFileReference; lastKnownFileType = folder.assetcatalog; path = Images.xcassets; sourceTree = "<group>"; };
		8ABB391719742EDC0056B3D8 /* discTests.xctest */ = {isa = PBXFileReference; explicitFileType = wrapper.cfbundle; includeInIndex = 0; path = discTests.xctest; sourceTree = BUILT_PRODUCTS_DIR; };
		8ABB391C19742EDC0056B3D8 /* Info.plist */ = {isa = PBXFileReference; lastKnownFileType = text.plist.xml; path = Info.plist; sourceTree = "<group>"; };
		8ABB391D19742EDC0056B3D8 /* discTests.swift */ = {isa = PBXFileReference; lastKnownFileType = sourcecode.swift; path = discTests.swift; sourceTree = "<group>"; };
		8ABB392819742F830056B3D8 /* background-gradient.png */ = {isa = PBXFileReference; lastKnownFileType = image.png; path = "background-gradient.png"; sourceTree = "<group>"; };
		8ABB392919742F830056B3D8 /* background-gradient@2x.png */ = {isa = PBXFileReference; lastKnownFileType = image.png; path = "background-gradient@2x.png"; sourceTree = "<group>"; };
		8ABB392A19742F830056B3D8 /* background-1739@2x.png */ = {isa = PBXFileReference; lastKnownFileType = image.png; path = "background-1739@2x.png"; sourceTree = "<group>"; };
		8ABB392B19742F830056B3D8 /* background-1740@2x.png */ = {isa = PBXFileReference; lastKnownFileType = image.png; path = "background-1740@2x.png"; sourceTree = "<group>"; };
		8ABB392C19742F830056B3D8 /* background-1741@2x.png */ = {isa = PBXFileReference; lastKnownFileType = image.png; path = "background-1741@2x.png"; sourceTree = "<group>"; };
		8ABB392D19742F830056B3D8 /* button-background.png */ = {isa = PBXFileReference; lastKnownFileType = image.png; path = "button-background.png"; sourceTree = "<group>"; };
		8ABB392E19742F830056B3D8 /* button-background@2x.png */ = {isa = PBXFileReference; lastKnownFileType = image.png; path = "button-background@2x.png"; sourceTree = "<group>"; };
		8ABB392F19742F830056B3D8 /* disc-result-background.png */ = {isa = PBXFileReference; lastKnownFileType = image.png; path = "disc-result-background.png"; sourceTree = "<group>"; };
		8ABB393019742F830056B3D8 /* discbg.png */ = {isa = PBXFileReference; lastKnownFileType = image.png; path = discbg.png; sourceTree = "<group>"; };
		8ABB393119742F830056B3D8 /* Defalult@2x.png */ = {isa = PBXFileReference; lastKnownFileType = image.png; path = "Defalult@2x.png"; sourceTree = "<group>"; };
		8ABB393219742F830056B3D8 /* discbutton.png */ = {isa = PBXFileReference; lastKnownFileType = image.png; path = discbutton.png; sourceTree = "<group>"; };
		8ABB393319742F830056B3D8 /* Default.png */ = {isa = PBXFileReference; lastKnownFileType = image.png; path = Default.png; sourceTree = "<group>"; };
		8ABB39421974323D0056B3D8 /* WelcomeViewController.swift */ = {isa = PBXFileReference; fileEncoding = 4; lastKnownFileType = sourcecode.swift; path = WelcomeViewController.swift; sourceTree = "<group>"; };
		8ABB39431974323D0056B3D8 /* WelcomeViewController.xib */ = {isa = PBXFileReference; fileEncoding = 4; lastKnownFileType = file.xib; path = WelcomeViewController.xib; sourceTree = "<group>"; };
		8ABB39461976D10E0056B3D8 /* MainViewController.swift */ = {isa = PBXFileReference; fileEncoding = 4; lastKnownFileType = sourcecode.swift; path = MainViewController.swift; sourceTree = "<group>"; };
		8ABB39471976D10E0056B3D8 /* MainViewController.xib */ = {isa = PBXFileReference; fileEncoding = 4; lastKnownFileType = file.xib; path = MainViewController.xib; sourceTree = "<group>"; };
/* End PBXFileReference section */

/* Begin PBXFrameworksBuildPhase section */
		8ABB390419742EDC0056B3D8 /* Frameworks */ = {
			isa = PBXFrameworksBuildPhase;
			buildActionMask = 2147483647;
			files = (
			);
			runOnlyForDeploymentPostprocessing = 0;
		};
		8ABB391419742EDC0056B3D8 /* Frameworks */ = {
			isa = PBXFrameworksBuildPhase;
			buildActionMask = 2147483647;
			files = (
			);
			runOnlyForDeploymentPostprocessing = 0;
		};
/* End PBXFrameworksBuildPhase section */

/* Begin PBXGroup section */
		8ABB38FE19742EDC0056B3D8 = {
			isa = PBXGroup;
			children = (
				8ABB390919742EDC0056B3D8 /* disc */,
				8ABB391A19742EDC0056B3D8 /* discTests */,
				8ABB390819742EDC0056B3D8 /* Products */,
			);
			sourceTree = "<group>";
		};
		8ABB390819742EDC0056B3D8 /* Products */ = {
			isa = PBXGroup;
			children = (
				8ABB390719742EDC0056B3D8 /* disc.app */,
				8ABB391719742EDC0056B3D8 /* discTests.xctest */,
			);
			name = Products;
			sourceTree = "<group>";
		};
		8ABB390919742EDC0056B3D8 /* disc */ = {
			isa = PBXGroup;
			children = (
				8ABB390C19742EDC0056B3D8 /* AppDelegate.swift */,
				8ABB3941197431E20056B3D8 /* Controller */,
				8ABB391119742EDC0056B3D8 /* Images.xcassets */,
				8ABB390E19742EDC0056B3D8 /* disc.xcdatamodeld */,
				8ABB392719742F640056B3D8 /* resource */,
				8ABB390A19742EDC0056B3D8 /* Supporting Files */,
			);
			path = disc;
			sourceTree = "<group>";
		};
		8ABB390A19742EDC0056B3D8 /* Supporting Files */ = {
			isa = PBXGroup;
			children = (
				8ABB390B19742EDC0056B3D8 /* Info.plist */,
			);
			name = "Supporting Files";
			sourceTree = "<group>";
		};
		8ABB391A19742EDC0056B3D8 /* discTests */ = {
			isa = PBXGroup;
			children = (
				8ABB391D19742EDC0056B3D8 /* discTests.swift */,
				8ABB391B19742EDC0056B3D8 /* Supporting Files */,
			);
			path = discTests;
			sourceTree = "<group>";
		};
		8ABB391B19742EDC0056B3D8 /* Supporting Files */ = {
			isa = PBXGroup;
			children = (
				8ABB391C19742EDC0056B3D8 /* Info.plist */,
			);
			name = "Supporting Files";
			sourceTree = "<group>";
		};
		8ABB392719742F640056B3D8 /* resource */ = {
			isa = PBXGroup;
			children = (
				8A0A3F4D19A3A259003ACFBF /* dsicList.plist */,
				8ABB392819742F830056B3D8 /* background-gradient.png */,
				8ABB392919742F830056B3D8 /* background-gradient@2x.png */,
				8ABB392A19742F830056B3D8 /* background-1739@2x.png */,
				8ABB392B19742F830056B3D8 /* background-1740@2x.png */,
				8ABB392C19742F830056B3D8 /* background-1741@2x.png */,
				8ABB392D19742F830056B3D8 /* button-background.png */,
				8ABB392E19742F830056B3D8 /* button-background@2x.png */,
				8ABB392F19742F830056B3D8 /* disc-result-background.png */,
				8ABB393019742F830056B3D8 /* discbg.png */,
				8ABB393119742F830056B3D8 /* Defalult@2x.png */,
				8ABB393219742F830056B3D8 /* discbutton.png */,
				8ABB393319742F830056B3D8 /* Default.png */,
			);
			name = resource;
			sourceTree = "<group>";
		};
		8ABB3941197431E20056B3D8 /* Controller */ = {
			isa = PBXGroup;
			children = (
				8ABB39421974323D0056B3D8 /* WelcomeViewController.swift */,
				8ABB39431974323D0056B3D8 /* WelcomeViewController.xib */,
				8ABB39461976D10E0056B3D8 /* MainViewController.swift */,
				8ABB39471976D10E0056B3D8 /* MainViewController.xib */,
			);
			name = Controller;
			sourceTree = "<group>";
		};
/* End PBXGroup section */

/* Begin PBXNativeTarget section */
		8ABB390619742EDC0056B3D8 /* disc */ = {
			isa = PBXNativeTarget;
			buildConfigurationList = 8ABB392119742EDC0056B3D8 /* Build configuration list for PBXNativeTarget "disc" */;
			buildPhases = (
				8ABB390319742EDC0056B3D8 /* Sources */,
				8ABB390419742EDC0056B3D8 /* Frameworks */,
				8ABB390519742EDC0056B3D8 /* Resources */,
			);
			buildRules = (
			);
			dependencies = (
			);
			name = disc;
			productName = disc;
			productReference = 8ABB390719742EDC0056B3D8 /* disc.app */;
			productType = "com.apple.product-type.application";
		};
		8ABB391619742EDC0056B3D8 /* discTests */ = {
			isa = PBXNativeTarget;
			buildConfigurationList = 8ABB392419742EDC0056B3D8 /* Build configuration list for PBXNativeTarget "discTests" */;
			buildPhases = (
				8ABB391319742EDC0056B3D8 /* Sources */,
				8ABB391419742EDC0056B3D8 /* Frameworks */,
				8ABB391519742EDC0056B3D8 /* Resources */,
			);
			buildRules = (
			);
			dependencies = (
				8ABB391919742EDC0056B3D8 /* PBXTargetDependency */,
			);
			name = discTests;
			productName = discTests;
			productReference = 8ABB391719742EDC0056B3D8 /* discTests.xctest */;
			productType = "com.apple.product-type.bundle.unit-test";
		};
/* End PBXNativeTarget section */

/* Begin PBXProject section */
		8ABB38FF19742EDC0056B3D8 /* Project object */ = {
			isa = PBXProject;
			attributes = {
				LastUpgradeCheck = 0600;
				ORGANIZATIONNAME = Dreambuffer;
				TargetAttributes = {
					8ABB390619742EDC0056B3D8 = {
						CreatedOnToolsVersion = 6.0;
					};
					8ABB391619742EDC0056B3D8 = {
						CreatedOnToolsVersion = 6.0;
						TestTargetID = 8ABB390619742EDC0056B3D8;
					};
				};
			};
			buildConfigurationList = 8ABB390219742EDC0056B3D8 /* Build configuration list for PBXProject "disc" */;
			compatibilityVersion = "Xcode 3.2";
			developmentRegion = English;
			hasScannedForEncodings = 0;
			knownRegions = (
				en,
			);
			mainGroup = 8ABB38FE19742EDC0056B3D8;
			productRefGroup = 8ABB390819742EDC0056B3D8 /* Products */;
			projectDirPath = "";
			projectRoot = "";
			targets = (
				8ABB390619742EDC0056B3D8 /* disc */,
				8ABB391619742EDC0056B3D8 /* discTests */,
			);
		};
/* End PBXProject section */

/* Begin PBXResourcesBuildPhase section */
		8ABB390519742EDC0056B3D8 /* Resources */ = {
			isa = PBXResourcesBuildPhase;
			buildActionMask = 2147483647;
			files = (
				8ABB393919742F830056B3D8 /* button-background.png in Resources */,
				8ABB39451974323D0056B3D8 /* WelcomeViewController.xib in Resources */,
				8ABB393619742F830056B3D8 /* background-1739@2x.png in Resources */,
				8ABB393719742F830056B3D8 /* background-1740@2x.png in Resources */,
				8ABB391219742EDC0056B3D8 /* Images.xcassets in Resources */,
				8ABB393E19742F830056B3D8 /* discbutton.png in Resources */,
				8ABB393B19742F830056B3D8 /* disc-result-background.png in Resources */,
				8A0A3F4E19A3A259003ACFBF /* dsicList.plist in Resources */,
				8ABB39491976D10E0056B3D8 /* MainViewController.xib in Resources */,
				8ABB393819742F830056B3D8 /* background-1741@2x.png in Resources */,
				8ABB393F19742F830056B3D8 /* Default.png in Resources */,
				8ABB393519742F830056B3D8 /* background-gradient@2x.png in Resources */,
				8ABB393C19742F830056B3D8 /* discbg.png in Resources */,
				8ABB393A19742F830056B3D8 /* button-background@2x.png in Resources */,
				8ABB393D19742F830056B3D8 /* Defalult@2x.png in Resources */,
				8ABB393419742F830056B3D8 /* background-gradient.png in Resources */,
			);
			runOnlyForDeploymentPostprocessing = 0;
		};
		8ABB391519742EDC0056B3D8 /* Resources */ = {
			isa = PBXResourcesBuildPhase;
			buildActionMask = 2147483647;
			files = (
			);
			runOnlyForDeploymentPostprocessing = 0;
		};
/* End PBXResourcesBuildPhase section */

/* Begin PBXSourcesBuildPhase section */
		8ABB390319742EDC0056B3D8 /* Sources */ = {
			isa = PBXSourcesBuildPhase;
			buildActionMask = 2147483647;
			files = (
				8ABB39441974323D0056B3D8 /* WelcomeViewController.swift in Sources */,
				8ABB391019742EDC0056B3D8 /* disc.xcdatamodeld in Sources */,
				8ABB390D19742EDC0056B3D8 /* AppDelegate.swift in Sources */,
				8ABB39481976D10E0056B3D8 /* MainViewController.swift in Sources */,
			);
			runOnlyForDeploymentPostprocessing = 0;
		};
		8ABB391319742EDC0056B3D8 /* Sources */ = {
			isa = PBXSourcesBuildPhase;
			buildActionMask = 2147483647;
			files = (
				8ABB391E19742EDC0056B3D8 /* discTests.swift in Sources */,
			);
			runOnlyForDeploymentPostprocessing = 0;
		};
/* End PBXSourcesBuildPhase section */

/* Begin PBXTargetDependency section */
		8ABB391919742EDC0056B3D8 /* PBXTargetDependency */ = {
			isa = PBXTargetDependency;
			target = 8ABB390619742EDC0056B3D8 /* disc */;
			targetProxy = 8ABB391819742EDC0056B3D8 /* PBXContainerItemProxy */;
		};
/* End PBXTargetDependency section */

/* Begin XCBuildConfiguration section */
		8ABB391F19742EDC0056B3D8 /* Debug */ = {
			isa = XCBuildConfiguration;
			buildSettings = {
				ALWAYS_SEARCH_USER_PATHS = NO;
				CLANG_CXX_LANGUAGE_STANDARD = "gnu++0x";
				CLANG_CXX_LIBRARY = "libc++";
				CLANG_ENABLE_MODULES = YES;
				CLANG_ENABLE_OBJC_ARC = YES;
				CLANG_WARN_BOOL_CONVERSION = YES;
				CLANG_WARN_CONSTANT_CONVERSION = YES;
				CLANG_WARN_DIRECT_OBJC_ISA_USAGE = YES_ERROR;
				CLANG_WARN_EMPTY_BODY = YES;
				CLANG_WARN_ENUM_CONVERSION = YES;
				CLANG_WARN_INT_CONVERSION = YES;
				CLANG_WARN_OBJC_ROOT_CLASS = YES_ERROR;
				CLANG_WARN_UNREACHABLE_CODE = YES;
				CLANG_WARN__DUPLICATE_METHOD_MATCH = YES;
				"CODE_SIGN_IDENTITY[sdk=iphoneos*]" = "iPhone Developer";
				COPY_PHASE_STRIP = NO;
				ENABLE_STRICT_OBJC_MSGSEND = YES;
				GCC_C_LANGUAGE_STANDARD = gnu99;
				GCC_DYNAMIC_NO_PIC = NO;
				GCC_OPTIMIZATION_LEVEL = 0;
				GCC_PREPROCESSOR_DEFINITIONS = (
					"DEBUG=1",
					"$(inherited)",
				);
				GCC_SYMBOLS_PRIVATE_EXTERN = NO;
				GCC_WARN_64_TO_32_BIT_CONVERSION = YES;
				GCC_WARN_ABOUT_RETURN_TYPE = YES_ERROR;
				GCC_WARN_UNDECLARED_SELECTOR = YES;
				GCC_WARN_UNINITIALIZED_AUTOS = YES_AGGRESSIVE;
				GCC_WARN_UNUSED_FUNCTION = YES;
				GCC_WARN_UNUSED_VARIABLE = YES;
				IPHONEOS_DEPLOYMENT_TARGET = 8.0;
				METAL_ENABLE_DEBUG_INFO = YES;
				ONLY_ACTIVE_ARCH = YES;
				SDKROOT = iphoneos;
				SWIFT_OPTIMIZATION_LEVEL = "-Onone";
			};
			name = Debug;
		};
		8ABB392019742EDC0056B3D8 /* Release */ = {
			isa = XCBuildConfiguration;
			buildSettings = {
				ALWAYS_SEARCH_USER_PATHS = NO;
				CLANG_CXX_LANGUAGE_STANDARD = "gnu++0x";
				CLANG_CXX_LIBRARY = "libc++";
				CLANG_ENABLE_MODULES = YES;
				CLANG_ENABLE_OBJC_ARC = YES;
				CLANG_WARN_BOOL_CONVERSION = YES;
				CLANG_WARN_CONSTANT_CONVERSION = YES;
				CLANG_WARN_DIRECT_OBJC_ISA_USAGE = YES_ERROR;
				CLANG_WARN_EMPTY_BODY = YES;
				CLANG_WARN_ENUM_CONVERSION = YES;
				CLANG_WARN_INT_CONVERSION = YES;
				CLANG_WARN_OBJC_ROOT_CLASS = YES_ERROR;
				CLANG_WARN_UNREACHABLE_CODE = YES;
				CLANG_WARN__DUPLICATE_METHOD_MATCH = YES;
				"CODE_SIGN_IDENTITY[sdk=iphoneos*]" = "iPhone Developer";
				COPY_PHASE_STRIP = YES;
				ENABLE_NS_ASSERTIONS = NO;
				ENABLE_STRICT_OBJC_MSGSEND = YES;
				GCC_C_LANGUAGE_STANDARD = gnu99;
				GCC_WARN_64_TO_32_BIT_CONVERSION = YES;
				GCC_WARN_ABOUT_RETURN_TYPE = YES_ERROR;
				GCC_WARN_UNDECLARED_SELECTOR = YES;
				GCC_WARN_UNINITIALIZED_AUTOS = YES_AGGRESSIVE;
				GCC_WARN_UNUSED_FUNCTION = YES;
				GCC_WARN_UNUSED_VARIABLE = YES;
				IPHONEOS_DEPLOYMENT_TARGET = 8.0;
				METAL_ENABLE_DEBUG_INFO = NO;
				SDKROOT = iphoneos;
				VALIDATE_PRODUCT = YES;
			};
			name = Release;
		};
		8ABB392219742EDC0056B3D8 /* Debug */ = {
			isa = XCBuildConfiguration;
			buildSettings = {
				ASSETCATALOG_COMPILER_APPICON_NAME = AppIcon;
				ASSETCATALOG_COMPILER_LAUNCHIMAGE_NAME = LaunchImage;
				INFOPLIST_FILE = disc/Info.plist;
				LD_RUNPATH_SEARCH_PATHS = "$(inherited) @executable_path/Frameworks";
				PRODUCT_NAME = "$(TARGET_NAME)";
				TARGETED_DEVICE_FAMILY = 1;
			};
			name = Debug;
		};
		8ABB392319742EDC0056B3D8 /* Release */ = {
			isa = XCBuildConfiguration;
			buildSettings = {
				ASSETCATALOG_COMPILER_APPICON_NAME = AppIcon;
				ASSETCATALOG_COMPILER_LAUNCHIMAGE_NAME = LaunchImage;
				INFOPLIST_FILE = disc/Info.plist;
				LD_RUNPATH_SEARCH_PATHS = "$(inherited) @executable_path/Frameworks";
				PRODUCT_NAME = "$(TARGET_NAME)";
				TARGETED_DEVICE_FAMILY = 1;
			};
			name = Release;
		};
		8ABB392519742EDC0056B3D8 /* Debug */ = {
			isa = XCBuildConfiguration;
			buildSettings = {
				BUNDLE_LOADER = "$(BUILT_PRODUCTS_DIR)/disc.app/disc";
				FRAMEWORK_SEARCH_PATHS = (
					"$(SDKROOT)/Developer/Library/Frameworks",
					"$(inherited)",
				);
				GCC_PREPROCESSOR_DEFINITIONS = (
					"DEBUG=1",
					"$(inherited)",
				);
				INFOPLIST_FILE = discTests/Info.plist;
				LD_RUNPATH_SEARCH_PATHS = "$(inherited) @executable_path/Frameworks @loader_path/Frameworks";
				METAL_ENABLE_DEBUG_INFO = YES;
				PRODUCT_NAME = "$(TARGET_NAME)";
				TEST_HOST = "$(BUNDLE_LOADER)";
			};
			name = Debug;
		};
		8ABB392619742EDC0056B3D8 /* Release */ = {
			isa = XCBuildConfiguration;
			buildSettings = {
				BUNDLE_LOADER = "$(BUILT_PRODUCTS_DIR)/disc.app/disc";
				FRAMEWORK_SEARCH_PATHS = (
					"$(SDKROOT)/Developer/Library/Frameworks",
					"$(inherited)",
				);
				INFOPLIST_FILE = discTests/Info.plist;
				LD_RUNPATH_SEARCH_PATHS = "$(inherited) @executable_path/Frameworks @loader_path/Frameworks";
				METAL_ENABLE_DEBUG_INFO = NO;
				PRODUCT_NAME = "$(TARGET_NAME)";
				TEST_HOST = "$(BUNDLE_LOADER)";
			};
			name = Release;
		};
/* End XCBuildConfiguration section */

/* Begin XCConfigurationList section */
		8ABB390219742EDC0056B3D8 /* Build configuration list for PBXProject "disc" */ = {
			isa = XCConfigurationList;
			buildConfigurations = (
				8ABB391F19742EDC0056B3D8 /* Debug */,
				8ABB392019742EDC0056B3D8 /* Release */,
			);
			defaultConfigurationIsVisible = 0;
			defaultConfigurationName = Release;
		};
		8ABB392119742EDC0056B3D8 /* Build configuration list for PBXNativeTarget "disc" */ = {
			isa = XCConfigurationList;
			buildConfigurations = (
				8ABB392219742EDC0056B3D8 /* Debug */,
				8ABB392319742EDC0056B3D8 /* Release */,
			);
			defaultConfigurationIsVisible = 0;
			defaultConfigurationName = Release;
		};
		8ABB392419742EDC0056B3D8 /* Build configuration list for PBXNativeTarget "discTests" */ = {
			isa = XCConfigurationList;
			buildConfigurations = (
				8ABB392519742EDC0056B3D8 /* Debug */,
				8ABB392619742EDC0056B3D8 /* Release */,
			);
			defaultConfigurationIsVisible = 0;
			defaultConfigurationName = Release;
		};
/* End XCConfigurationList section */

/* Begin XCVersionGroup section */
		8ABB390E19742EDC0056B3D8 /* disc.xcdatamodeld */ = {
			isa = XCVersionGroup;
			children = (
				8ABB390F19742EDC0056B3D8 /* disc.xcdatamodel */,
			);
			currentVersion = 8ABB390F19742EDC0056B3D8 /* disc.xcdatamodel */;
			path = disc.xcdatamodeld;
			sourceTree = "<group>";
			versionGroupType = wrapper.xcdatamodel;
		};
/* End XCVersionGroup section */
	};
	rootObject = 8ABB38FF19742EDC0056B3D8 /* Project object */;
}
